// !$*UTF8*$!
{
	archiveVersion = 1;
	classes = {
	};
	objectVersion = 48;
	objects = {

/* Begin PBXBuildFile section */
		44B4929A205C4CFE00EEDED8 /* AppDelegate.swift in Sources */ = {isa = PBXBuildFile; fileRef = 44B49299205C4CFE00EEDED8 /* AppDelegate.swift */; };
		44B4929C205C4CFE00EEDED8 /* ToDoVC.swift in Sources */ = {isa = PBXBuildFile; fileRef = 44B4929B205C4CFE00EEDED8 /* ToDoVC.swift */; };
		44B4929F205C4CFE00EEDED8 /* Main.storyboard in Resources */ = {isa = PBXBuildFile; fileRef = 44B4929D205C4CFE00EEDED8 /* Main.storyboard */; };
		44B492A1205C4CFE00EEDED8 /* Assets.xcassets in Resources */ = {isa = PBXBuildFile; fileRef = 44B492A0205C4CFE00EEDED8 /* Assets.xcassets */; };
		44B492A4205C4CFE00EEDED8 /* LaunchScreen.storyboard in Resources */ = {isa = PBXBuildFile; fileRef = 44B492A2205C4CFE00EEDED8 /* LaunchScreen.storyboard */; };
		924881CB89F30263053D220F /* Pods_ToDoList_Arrays.framework in Frameworks */ = {isa = PBXBuildFile; fileRef = AB8200E514BCC4F33CCC9FB2 /* Pods_ToDoList_Arrays.framework */; };
/* End PBXBuildFile section */

/* Begin PBXFileReference section */
		44B49296205C4CFE00EEDED8 /* ToDoList-Arrays.app */ = {isa = PBXFileReference; explicitFileType = wrapper.application; includeInIndex = 0; path = "ToDoList-Arrays.app"; sourceTree = BUILT_PRODUCTS_DIR; };
		44B49299205C4CFE00EEDED8 /* AppDelegate.swift */ = {isa = PBXFileReference; lastKnownFileType = sourcecode.swift; path = AppDelegate.swift; sourceTree = "<group>"; };
		44B4929B205C4CFE00EEDED8 /* ToDoVC.swift */ = {isa = PBXFileReference; lastKnownFileType = sourcecode.swift; path = ToDoVC.swift; sourceTree = "<group>"; };
		44B4929E205C4CFE00EEDED8 /* Base */ = {isa = PBXFileReference; lastKnownFileType = file.storyboard; name = Base; path = Base.lproj/Main.storyboard; sourceTree = "<group>"; };
		44B492A0205C4CFE00EEDED8 /* Assets.xcassets */ = {isa = PBXFileReference; lastKnownFileType = folder.assetcatalog; path = Assets.xcassets; sourceTree = "<group>"; };
		44B492A3205C4CFE00EEDED8 /* Base */ = {isa = PBXFileReference; lastKnownFileType = file.storyboard; name = Base; path = Base.lproj/LaunchScreen.storyboard; sourceTree = "<group>"; };
		44B492A5205C4CFE00EEDED8 /* Info.plist */ = {isa = PBXFileReference; lastKnownFileType = text.plist.xml; path = Info.plist; sourceTree = "<group>"; };
		AB8200E514BCC4F33CCC9FB2 /* Pods_ToDoList_Arrays.framework */ = {isa = PBXFileReference; explicitFileType = wrapper.framework; includeInIndex = 0; path = Pods_ToDoList_Arrays.framework; sourceTree = BUILT_PRODUCTS_DIR; };
		BAA49F5661A988F1B6230858 /* Pods-ToDoList-Arrays.release.xcconfig */ = {isa = PBXFileReference; includeInIndex = 1; lastKnownFileType = text.xcconfig; name = "Pods-ToDoList-Arrays.release.xcconfig"; path = "Pods/Target Support Files/Pods-ToDoList-Arrays/Pods-ToDoList-Arrays.release.xcconfig"; sourceTree = "<group>"; };
		C8BED26CA96A2B53AF7E7FBE /* Pods-ToDoList-Arrays.debug.xcconfig */ = {isa = PBXFileReference; includeInIndex = 1; lastKnownFileType = text.xcconfig; name = "Pods-ToDoList-Arrays.debug.xcconfig"; path = "Pods/Target Support Files/Pods-ToDoList-Arrays/Pods-ToDoList-Arrays.debug.xcconfig"; sourceTree = "<group>"; };
/* End PBXFileReference section */

/* Begin PBXFrameworksBuildPhase section */
		44B49293205C4CFE00EEDED8 /* Frameworks */ = {
			isa = PBXFrameworksBuildPhase;
			buildActionMask = 2147483647;
			files = (
				924881CB89F30263053D220F /* Pods_ToDoList_Arrays.framework in Frameworks */,
			);
			runOnlyForDeploymentPostprocessing = 0;
		};
/* End PBXFrameworksBuildPhase section */

/* Begin PBXGroup section */
		021803AC22A44A2832DC15CF /* Pods */ = {
			isa = PBXGroup;
			children = (
				C8BED26CA96A2B53AF7E7FBE /* Pods-ToDoList-Arrays.debug.xcconfig */,
				BAA49F5661A988F1B6230858 /* Pods-ToDoList-Arrays.release.xcconfig */,
			);
			name = Pods;
			sourceTree = "<group>";
		};
		44B4928D205C4CFE00EEDED8 = {
			isa = PBXGroup;
			children = (
				44B49298205C4CFE00EEDED8 /* ToDoList-Arrays */,
				44B49297205C4CFE00EEDED8 /* Products */,
				021803AC22A44A2832DC15CF /* Pods */,
				53F0756CAB7E750E23DC446E /* Frameworks */,
			);
			sourceTree = "<group>";
		};
		44B49297205C4CFE00EEDED8 /* Products */ = {
			isa = PBXGroup;
			children = (
				44B49296205C4CFE00EEDED8 /* ToDoList-Arrays.app */,
			);
			name = Products;
			sourceTree = "<group>";
		};
		44B49298205C4CFE00EEDED8 /* ToDoList-Arrays */ = {
			isa = PBXGroup;
			children = (
				44B492AD205C4D1600EEDED8 /* Controller */,
				44B492AC205C4D1000EEDED8 /* View */,
				44B492AB205C4D0D00EEDED8 /* Model */,
				44B492A0205C4CFE00EEDED8 /* Assets.xcassets */,
				44B492A2205C4CFE00EEDED8 /* LaunchScreen.storyboard */,
				44B492A5205C4CFE00EEDED8 /* Info.plist */,
			);
			path = "ToDoList-Arrays";
			sourceTree = "<group>";
		};
		44B492AB205C4D0D00EEDED8 /* Model */ = {
			isa = PBXGroup;
			children = (
			);
			path = Model;
			sourceTree = "<group>";
		};
		44B492AC205C4D1000EEDED8 /* View */ = {
			isa = PBXGroup;
			children = (
				44B4929D205C4CFE00EEDED8 /* Main.storyboard */,
			);
			path = View;
			sourceTree = "<group>";
		};
		44B492AD205C4D1600EEDED8 /* Controller */ = {
			isa = PBXGroup;
			children = (
				44B4929B205C4CFE00EEDED8 /* ToDoVC.swift */,
				44B49299205C4CFE00EEDED8 /* AppDelegate.swift */,
			);
			path = Controller;
			sourceTree = "<group>";
		};
		53F0756CAB7E750E23DC446E /* Frameworks */ = {
			isa = PBXGroup;
			children = (
				AB8200E514BCC4F33CCC9FB2 /* Pods_ToDoList_Arrays.framework */,
			);
			name = Frameworks;
			sourceTree = "<group>";
		};
/* End PBXGroup section */

/* Begin PBXNativeTarget section */
		44B49295205C4CFE00EEDED8 /* ToDoList-Arrays */ = {
			isa = PBXNativeTarget;
			buildConfigurationList = 44B492A8205C4CFE00EEDED8 /* Build configuration list for PBXNativeTarget "ToDoList-Arrays" */;
			buildPhases = (
				EB80DDBFACDF8EF17B0DDDBE /* [CP] Check Pods Manifest.lock */,
				44B49292205C4CFE00EEDED8 /* Sources */,
				44B49293205C4CFE00EEDED8 /* Frameworks */,
				44B49294205C4CFE00EEDED8 /* Resources */,
				7D68D622074C9BFE3129475A /* [CP] Embed Pods Frameworks */,
				225249AE0F30ED77DA58DB8A /* [CP] Copy Pods Resources */,
			);
			buildRules = (
			);
			dependencies = (
			);
			name = "ToDoList-Arrays";
			productName = "ToDoList-Arrays";
			productReference = 44B49296205C4CFE00EEDED8 /* ToDoList-Arrays.app */;
			productType = "com.apple.product-type.application";
		};
/* End PBXNativeTarget section */

/* Begin PBXProject section */
		44B4928E205C4CFE00EEDED8 /* Project object */ = {
			isa = PBXProject;
			attributes = {
				LastSwiftUpdateCheck = 0920;
				LastUpgradeCheck = 0930;
				ORGANIZATIONNAME = "Andrew Taylor";
				TargetAttributes = {
					44B49295205C4CFE00EEDED8 = {
						CreatedOnToolsVersion = 9.2;
						ProvisioningStyle = Automatic;
					};
				};
			};
			buildConfigurationList = 44B49291205C4CFE00EEDED8 /* Build configuration list for PBXProject "ToDoList-Arrays" */;
			compatibilityVersion = "Xcode 8.0";
			developmentRegion = en;
			hasScannedForEncodings = 0;
			knownRegions = (
				en,
				Base,
			);
			mainGroup = 44B4928D205C4CFE00EEDED8;
			productRefGroup = 44B49297205C4CFE00EEDED8 /* Products */;
			projectDirPath = "";
			projectRoot = "";
			targets = (
				44B49295205C4CFE00EEDED8 /* ToDoList-Arrays */,
			);
		};
/* End PBXProject section */

/* Begin PBXResourcesBuildPhase section */
		44B49294205C4CFE00EEDED8 /* Resources */ = {
			isa = PBXResourcesBuildPhase;
			buildActionMask = 2147483647;
			files = (
				44B492A4205C4CFE00EEDED8 /* LaunchScreen.storyboard in Resources */,
				44B492A1205C4CFE00EEDED8 /* Assets.xcassets in Resources */,
				44B4929F205C4CFE00EEDED8 /* Main.storyboard in Resources */,
			);
			runOnlyForDeploymentPostprocessing = 0;
		};
/* End PBXResourcesBuildPhase section */

/* Begin PBXShellScriptBuildPhase section */
		225249AE0F30ED77DA58DB8A /* [CP] Copy Pods Resources */ = {
			isa = PBXShellScriptBuildPhase;
			buildActionMask = 2147483647;
			files = (
			);
			inputPaths = (
			);
			name = "[CP] Copy Pods Resources";
			outputPaths = (
			);
			runOnlyForDeploymentPostprocessing = 0;
			shellPath = /bin/sh;
			shellScript = "\"${SRCROOT}/Pods/Target Support Files/Pods-ToDoList-Arrays/Pods-ToDoList-Arrays-resources.sh\"\n";
			showEnvVarsInLog = 0;
		};
		7D68D622074C9BFE3129475A /* [CP] Embed Pods Frameworks */ = {
			isa = PBXShellScriptBuildPhase;
			buildActionMask = 2147483647;
			files = (
			);
			inputPaths = (
			);
			name = "[CP] Embed Pods Frameworks";
			outputPaths = (
			);
			runOnlyForDeploymentPostprocessing = 0;
			shellPath = /bin/sh;
			shellScript = "\"${SRCROOT}/Pods/Target Support Files/Pods-ToDoList-Arrays/Pods-ToDoList-Arrays-frameworks.sh\"\n";
			showEnvVarsInLog = 0;
		};
		EB80DDBFACDF8EF17B0DDDBE /* [CP] Check Pods Manifest.lock */ = {
			isa = PBXShellScriptBuildPhase;
			buildActionMask = 2147483647;
			files = (
			);
			inputPaths = (
			);
			name = "[CP] Check Pods Manifest.lock";
			outputPaths = (
			);
			runOnlyForDeploymentPostprocessing = 0;
			shellPath = /bin/sh;
			shellScript = "diff \"${PODS_ROOT}/../Podfile.lock\" \"${PODS_ROOT}/Manifest.lock\" > /dev/null\nif [ $? != 0 ] ; then\n    # print error to STDERR\n    echo \"error: The sandbox is not in sync with the Podfile.lock. Run 'pod install' or update your CocoaPods installation.\" >&2\n    exit 1\nfi\n";
			showEnvVarsInLog = 0;
		};
/* End PBXShellScriptBuildPhase section */

/* Begin PBXSourcesBuildPhase section */
		44B49292205C4CFE00EEDED8 /* Sources */ = {
			isa = PBXSourcesBuildPhase;
			buildActionMask = 2147483647;
			files = (
				44B4929C205C4CFE00EEDED8 /* ToDoVC.swift in Sources */,
				44B4929A205C4CFE00EEDED8 /* AppDelegate.swift in Sources */,
			);
			runOnlyForDeploymentPostprocessing = 0;
		};
/* End PBXSourcesBuildPhase section */

/* Begin PBXVariantGroup section */
		44B4929D205C4CFE00EEDED8 /* Main.storyboard */ = {
			isa = PBXVariantGroup;
			children = (
				44B4929E205C4CFE00EEDED8 /* Base */,
			);
			name = Main.storyboard;
			sourceTree = "<group>";
		};
		44B492A2205C4CFE00EEDED8 /* LaunchScreen.storyboard */ = {
			isa = PBXVariantGroup;
			children = (
				44B492A3205C4CFE00EEDED8 /* Base */,
			);
			name = LaunchScreen.storyboard;
			sourceTree = "<group>";
		};
/* End PBXVariantGroup section */

/* Begin XCBuildConfiguration section */
		44B492A6205C4CFE00EEDED8 /* Debug */ = {
			isa = XCBuildConfiguration;
			buildSettings = {
				ALWAYS_SEARCH_USER_PATHS = NO;
				CLANG_ANALYZER_NONNULL = YES;
				CLANG_ANALYZER_NUMBER_OBJECT_CONVERSION = YES_AGGRESSIVE;
				CLANG_CXX_LANGUAGE_STANDARD = "gnu++14";
				CLANG_CXX_LIBRARY = "libc++";
				CLANG_ENABLE_MODULES = YES;
				CLANG_ENABLE_OBJC_ARC = YES;
				CLANG_WARN_BLOCK_CAPTURE_AUTORELEASING = YES;
				CLANG_WARN_BOOL_CONVERSION = YES;
				CLANG_WARN_COMMA = YES;
				CLANG_WARN_CONSTANT_CONVERSION = YES;
				CLANG_WARN_DEPRECATED_OBJC_IMPLEMENTATIONS = YES;
				CLANG_WARN_DIRECT_OBJC_ISA_USAGE = YES_ERROR;
				CLANG_WARN_DOCUMENTATION_COMMENTS = YES;
				CLANG_WARN_EMPTY_BODY = YES;
				CLANG_WARN_ENUM_CONVERSION = YES;
				CLANG_WARN_INFINITE_RECURSION = YES;
				CLANG_WARN_INT_CONVERSION = YES;
				CLANG_WARN_NON_LITERAL_NULL_CONVERSION = YES;
				CLANG_WARN_OBJC_IMPLICIT_RETAIN_SELF = YES;
				CLANG_WARN_OBJC_LITERAL_CONVERSION = YES;
				CLANG_WARN_OBJC_ROOT_CLASS = YES_ERROR;
				CLANG_WARN_RANGE_LOOP_ANALYSIS = YES;
				CLANG_WARN_STRICT_PROTOTYPES = YES;
				CLANG_WARN_SUSPICIOUS_MOVE = YES;
				CLANG_WARN_UNGUARDED_AVAILABILITY = YES_AGGRESSIVE;
				CLANG_WARN_UNREACHABLE_CODE = YES;
				CLANG_WARN__DUPLICATE_METHOD_MATCH = YES;
				CODE_SIGN_IDENTITY = "iPhone Developer";
				COPY_PHASE_STRIP = NO;
				DEBUG_INFORMATION_FORMAT = dwarf;
				ENABLE_STRICT_OBJC_MSGSEND = YES;
				ENABLE_TESTABILITY = YES;
				GCC_C_LANGUAGE_STANDARD = gnu11;
				GCC_DYNAMIC_NO_PIC = NO;
				GCC_NO_COMMON_BLOCKS = YES;
				GCC_OPTIMIZATION_LEVEL = 0;
				GCC_PREPROCESSOR_DEFINITIONS = (
					"DEBUG=1",
					"$(inherited)",
				);
				GCC_WARN_64_TO_32_BIT_CONVERSION = YES;
				GCC_WARN_ABOUT_RETURN_TYPE = YES_ERROR;
				GCC_WARN_UNDECLARED_SELECTOR = YES;
				GCC_WARN_UNINITIALIZED_AUTOS = YES_AGGRESSIVE;
				GCC_WARN_UNUSED_FUNCTION = YES;
				GCC_WARN_UNUSED_VARIABLE = YES;
				IPHONEOS_DEPLOYMENT_TARGET = 11.2;
				MTL_ENABLE_DEBUG_INFO = YES;
				ONLY_ACTIVE_ARCH = YES;
				SDKROOT = iphoneos;
				SWIFT_ACTIVE_COMPILATION_CONDITIONS = DEBUG;
				SWIFT_OPTIMIZATION_LEVEL = "-Onone";
			};
			name = Debug;
		};
		44B492A7205C4CFE00EEDED8 /* Release */ = {
			isa = XCBuildConfiguration;
			buildSettings = {
				ALWAYS_SEARCH_USER_PATHS = NO;
				CLANG_ANALYZER_NONNULL = YES;
				CLANG_ANALYZER_NUMBER_OBJECT_CONVERSION = YES_AGGRESSIVE;
				CLANG_CXX_LANGUAGE_STANDARD = "gnu++14";
				CLANG_CXX_LIBRARY = "libc++";
				CLANG_ENABLE_MODULES = YES;
				CLANG_ENABLE_OBJC_ARC = YES;
				CLANG_WARN_BLOCK_CAPTURE_AUTORELEASING = YES;
				CLANG_WARN_BOOL_CONVERSION = YES;
				CLANG_WARN_COMMA = YES;
				CLANG_WARN_CONSTANT_CONVERSION = YES;
				CLANG_WARN_DEPRECATED_OBJC_IMPLEMENTATIONS = YES;
				CLANG_WARN_DIRECT_OBJC_ISA_USAGE = YES_ERROR;
				CLANG_WARN_DOCUMENTATION_COMMENTS = YES;
				CLANG_WARN_EMPTY_BODY = YES;
				CLANG_WARN_ENUM_CONVERSION = YES;
				CLANG_WARN_INFINITE_RECURSION = YES;
				CLANG_WARN_INT_CONVERSION = YES;
				CLANG_WARN_NON_LITERAL_NULL_CONVERSION = YES;
				CLANG_WARN_OBJC_IMPLICIT_RETAIN_SELF = YES;
				CLANG_WARN_OBJC_LITERAL_CONVERSION = YES;
				CLANG_WARN_OBJC_ROOT_CLASS = YES_ERROR;
				CLANG_WARN_RANGE_LOOP_ANALYSIS = YES;
				CLANG_WARN_STRICT_PROTOTYPES = YES;
				CLANG_WARN_SUSPICIOUS_MOVE = YES;
				CLANG_WARN_UNGUARDED_AVAILABILITY = YES_AGGRESSIVE;
				CLANG_WARN_UNREACHABLE_CODE = YES;
				CLANG_WARN__DUPLICATE_METHOD_MATCH = YES;
				CODE_SIGN_IDENTITY = "iPhone Developer";
				COPY_PHASE_STRIP = NO;
				DEBUG_INFORMATION_FORMAT = "dwarf-with-dsym";
				ENABLE_NS_ASSERTIONS = NO;
				ENABLE_STRICT_OBJC_MSGSEND = YES;
				GCC_C_LANGUAGE_STANDARD = gnu11;
				GCC_NO_COMMON_BLOCKS = YES;
				GCC_WARN_64_TO_32_BIT_CONVERSION = YES;
				GCC_WARN_ABOUT_RETURN_TYPE = YES_ERROR;
				GCC_WARN_UNDECLARED_SELECTOR = YES;
				GCC_WARN_UNINITIALIZED_AUTOS = YES_AGGRESSIVE;
				GCC_WARN_UNUSED_FUNCTION = YES;
				GCC_WARN_UNUSED_VARIABLE = YES;
				IPHONEOS_DEPLOYMENT_TARGET = 11.2;
				MTL_ENABLE_DEBUG_INFO = NO;
				SDKROOT = iphoneos;
				SWIFT_OPTIMIZATION_LEVEL = "-Owholemodule";
				VALIDATE_PRODUCT = YES;
			};
			name = Release;
		};
		44B492A9205C4CFE00EEDED8 /* Debug */ = {
			isa = XCBuildConfiguration;
			baseConfigurationReference = C8BED26CA96A2B53AF7E7FBE /* Pods-ToDoList-Arrays.debug.xcconfig */;
			buildSettings = {
				ASSETCATALOG_COMPILER_APPICON_NAME = AppIcon;
				CODE_SIGN_STYLE = Automatic;
				DEVELOPMENT_TEAM = YFCGA2P89J;
				INFOPLIST_FILE = "ToDoList-Arrays/Info.plist";
				LD_RUNPATH_SEARCH_PATHS = "$(inherited) @executable_path/Frameworks";
				PRODUCT_BUNDLE_IDENTIFIER = "com.AndrewTaylor.ToDoList-Arrays";
				PRODUCT_NAME = "$(TARGET_NAME)";
				SWIFT_VERSION = 4.0;
				TARGETED_DEVICE_FAMILY = "1,2";
			};
			name = Debug;
		};
		44B492AA205C4CFE00EEDED8 /* Release */ = {
			isa = XCBuildConfiguration;
			baseConfigurationReference = BAA49F5661A988F1B6230858 /* Pods-ToDoList-Arrays.release.xcconfig */;
			buildSettings = {
				ASSETCATALOG_COMPILER_APPICON_NAME = AppIcon;
				CODE_SIGN_STYLE = Automatic;
				DEVELOPMENT_TEAM = YFCGA2P89J;
				INFOPLIST_FILE = "ToDoList-Arrays/Info.plist";
				LD_RUNPATH_SEARCH_PATHS = "$(inherited) @executable_path/Frameworks";
				PRODUCT_BUNDLE_IDENTIFIER = "com.AndrewTaylor.ToDoList-Arrays";
				PRODUCT_NAME = "$(TARGET_NAME)";
				SWIFT_VERSION = 4.0;
				TARGETED_DEVICE_FAMILY = "1,2";
			};
			name = Release;
		};
/* End XCBuildConfiguration section */

/* Begin XCConfigurationList section */
		44B49291205C4CFE00EEDED8 /* Build configuration list for PBXProject "ToDoList-Arrays" */ = {
			isa = XCConfigurationList;
			buildConfigurations = (
				44B492A6205C4CFE00EEDED8 /* Debug */,
				44B492A7205C4CFE00EEDED8 /* Release */,
			);
			defaultConfigurationIsVisible = 0;
			defaultConfigurationName = Release;
		};
		44B492A8205C4CFE00EEDED8 /* Build configuration list for PBXNativeTarget "ToDoList-Arrays" */ = {
			isa = XCConfigurationList;
			buildConfigurations = (
				44B492A9205C4CFE00EEDED8 /* Debug */,
				44B492AA205C4CFE00EEDED8 /* Release */,
			);
			defaultConfigurationIsVisible = 0;
			defaultConfigurationName = Release;
		};
/* End XCConfigurationList section */
	};
	rootObject = 44B4928E205C4CFE00EEDED8 /* Project object */;
}
